{
  "nodes": {
    "dotfiles": {
      "flake": false,
      "locked": {
        "lastModified": 1771091932,
        "narHash": "sha256-BnbpB4jh8uLnQNMNEjvcODoK0o+bK6DRlGCf96JgQdA=",
        "owner": "kanielrkirby",
        "repo": "dotfiles",
        "rev": "48f772204b0836bc9b9db4bf1872a594f8fd9032",
        "type": "github"
      },
      "original": {
        "owner": "kanielrkirby",
        "ref": "main",
        "repo": "dotfiles",
        "type": "github"
      }
    },
    "nixpkgs": {
      "locked": {
        "lastModified": 1769018530,
        "narHash": "sha256-MJ27Cy2NtBEV5tsK+YraYr2g851f3Fl1LpNHDzDX15c=",
        "owner": "nixos",
        "repo": "nixpkgs",
        "rev": "88d3861acdd3d2f0e361767018218e51810df8a1",
        "type": "github"
      },
      "original": {
        "owner": "nixos",
        "ref": "nixos-unstable",
        "repo": "nixpkgs",
        "type": "github"
      }
    },
    "nixpkgs_2": {
      "locked": {
        "lastModified": 1768393167,
        "narHash": "sha256-n2063BRjHde6DqAz2zavhOOiLUwA3qXt7jQYHyETjX8=",
        "owner": "NixOS",
        "repo": "nixpkgs",
        "rev": "2f594d5af95d4fdac67fba60376ec11e482041cb",
        "type": "github"
      },
      "original": {
        "owner": "NixOS",
        "ref": "nixpkgs-unstable",
        "repo": "nixpkgs",
        "type": "github"
      }
    },
    "nixpkgs_3": {
      "locked": {
        "lastModified": 1768875095,
        "narHash": "sha256-dYP3DjiL7oIiiq3H65tGIXXIT1Waiadmv93JS0sS+8A=",
        "owner": "NixOS",
        "repo": "nixpkgs",
        "rev": "ed142ab1b3a092c4d149245d0c4126a5d7ea00b0",
        "type": "github"
      },
      "original": {
        "owner": "NixOS",
        "ref": "nixpkgs-unstable",
        "repo": "nixpkgs",
        "type": "github"
      }
    },
    "opencode": {
      "inputs": {
        "nixpkgs": "nixpkgs_2"
      },
      "locked": {
        "lastModified": 1769093779,
        "narHash": "sha256-zROGrNPyb2qTJtTabqXmfTeyh7o0U4fsCujBhUHG/18=",
        "owner": "anomalyco",
        "repo": "opencode",
        "rev": "c3f393bcc10ece40c979fee8861ced19844a8108",
        "type": "github"
      },
      "original": {
        "owner": "anomalyco",
        "repo": "opencode",
        "type": "github"
      }
    },
    "root": {
      "inputs": {
        "dotfiles": "dotfiles",
        "nixpkgs": "nixpkgs",
        "opencode": "opencode",
        "st-src": "st-src",
        "whispaste": "whispaste"
      }
    },
    "st-src": {
      "flake": false,
      "locked": {
        "lastModified": 1768569127,
        "narHash": "sha256-PUMhcvPy63G9qQ3S8kTBLXf4RmPlPDRA61c35tspBu4=",
        "ref": "refs/heads/master",
        "rev": "688f70add0d1da8a416bf7df763328d694a24a3a",
        "revCount": 1181,
        "type": "git",
        "url": "https://git.suckless.org/st"
      },
      "original": {
        "type": "git",
        "url": "https://git.suckless.org/st"
      }
    },
    "whispaste": {
      "inputs": {
        "nixpkgs": "nixpkgs_3"
      },
      "locked": {
        "lastModified": 1769801214,
        "narHash": "sha256-WpzqZA7/Ugqu1jHZw/Q+Ft8JuRNvhW/MT88hMfQ8jdE=",
        "owner": "kanielrkirby",
        "repo": "whispaste",
        "rev": "b4a392d4af363e70f4a5ac12365925b37287e8e9",
        "type": "github"
      },
      "original": {
        "owner": "kanielrkirby",
        "repo": "whispaste",
        "type": "github"
      }
    }
  },
  "root": "root",
  "version": 7
}
