{
  "nodes": {
    "dotfiles": {
      "flake": false,
      "locked": {
        "lastModified": 1765910660,
        "narHash": "sha256-bG3mVfNEqZblMTgIToxHwvBjZKgk+0bR+zwskDH+zi4=",
        "ref": "refs/heads/main",
        "rev": "e0fe4216a6a0ab6a035d87367e4cd9adfcfce700",
        "revCount": 11,
        "submodules": true,
        "type": "git",
        "url": "https://github.com/kanielrkirby/dotfiles"
      },
      "original": {
        "submodules": true,
        "type": "git",
        "url": "https://github.com/kanielrkirby/dotfiles"
      }
    },
    "nixpkgs": {
      "locked": {
        "lastModified": 1765472234,
        "narHash": "sha256-9VvC20PJPsleGMewwcWYKGzDIyjckEz8uWmT0vCDYK0=",
        "owner": "nixos",
        "repo": "nixpkgs",
        "rev": "2fbfb1d73d239d2402a8fe03963e37aab15abe8b",
        "type": "github"
      },
      "original": {
        "owner": "nixos",
        "ref": "nixos-unstable",
        "repo": "nixpkgs",
        "type": "github"
      }
    },
    "root": {
      "inputs": {
        "dotfiles": "dotfiles",
        "nixpkgs": "nixpkgs"
      }
    }
  },
  "root": "root",
  "version": 7
}
